
Microsoft Visual Studio Solution File, Format Version 12.00
# Visual Studio Version 17
VisualStudioVersion = 17.3.32804.467
MinimumVisualStudioVersion = 10.0.40219.1
Project("{FAE04EC0-301F-11D3-BF4B-00C04F79EFBC}") = "ClassDemoFor-loops-While-loops", "ClassDemoFor-loops-While-loops\ClassDemoFor-loops-While-loops.csproj", "{FFFC7E56-3988-4361-8633-47242BAC558D}"
EndProject
Global
	GlobalSection(SolutionConfigurationPlatforms) = preSolution
		Debug|Any CPU = Debug|Any CPU
		Release|Any CPU = Release|Any CPU
	EndGlobalSection
	GlobalSection(ProjectConfigurationPlatforms) = postSolution
		{FFFC7E56-3988-4361-8633-47242BAC558D}.Debug|Any CPU.ActiveCfg = Debug|Any CPU
		{FFFC7E56-3988-4361-8633-47242BAC558D}.Debug|Any CPU.Build.0 = Debug|Any CPU
		{FFFC7E56-3988-4361-8633-47242BAC558D}.Release|Any CPU.ActiveCfg = Release|Any CPU
		{FFFC7E56-3988-4361-8633-47242BAC558D}.Release|Any CPU.Build.0 = Release|Any CPU
	EndGlobalSection
	GlobalSection(SolutionProperties) = preSolution
		HideSolutionNode = FALSE
	EndGlobalSection
	GlobalSection(ExtensibilityGlobals) = postSolution
		SolutionGuid = {A9EDFB3D-D248-414C-8761-6D376EBD0492}
	EndGlobalSection
EndGlobal
